// !$*UTF8*$!
{
	archiveVersion = 1;
	classes = {
	};
	objectVersion = 56;
	objects = {

/* Begin PBXBuildFile section */
		DFA491122A3A1F76008BC5C4 /* AppDelegate.swift in Sources */ = {isa = PBXBuildFile; fileRef = DFA491112A3A1F76008BC5C4 /* AppDelegate.swift */; };
		DFA491142A3A1F76008BC5C4 /* SceneDelegate.swift in Sources */ = {isa = PBXBuildFile; fileRef = DFA491132A3A1F76008BC5C4 /* SceneDelegate.swift */; };
		DFA491162A3A1F76008BC5C4 /* ViewController.swift in Sources */ = {isa = PBXBuildFile; fileRef = DFA491152A3A1F76008BC5C4 /* ViewController.swift */; };
		DFA4911B2A3A1F77008BC5C4 /* Assets.xcassets in Resources */ = {isa = PBXBuildFile; fileRef = DFA4911A2A3A1F77008BC5C4 /* Assets.xcassets */; };
		DFA4911E2A3A1F77008BC5C4 /* LaunchScreen.storyboard in Resources */ = {isa = PBXBuildFile; fileRef = DFA4911C2A3A1F77008BC5C4 /* LaunchScreen.storyboard */; };
		DFA4912E2A3A26DD008BC5C4 /* NetworkProvider.swift in Sources */ = {isa = PBXBuildFile; fileRef = DFA4912D2A3A26DD008BC5C4 /* NetworkProvider.swift */; };
		DFA491302A3AB6C3008BC5C4 /* HTTPMethod.swift in Sources */ = {isa = PBXBuildFile; fileRef = DFA4912F2A3AB6C3008BC5C4 /* HTTPMethod.swift */; };
		DFA491332A3AB6E4008BC5C4 /* Requestable.swift in Sources */ = {isa = PBXBuildFile; fileRef = DFA491322A3AB6E4008BC5C4 /* Requestable.swift */; };
		DFA491352A3AB73C008BC5C4 /* URLRequest + parameters.swift in Sources */ = {isa = PBXBuildFile; fileRef = DFA491342A3AB73C008BC5C4 /* URLRequest + parameters.swift */; };
		DFA491382A3AB787008BC5C4 /* ContentDetails.swift in Sources */ = {isa = PBXBuildFile; fileRef = DFA491372A3AB787008BC5C4 /* ContentDetails.swift */; };
		DFA4913C2A3AB7B7008BC5C4 /* PexelsVideoServiceTarget.swift in Sources */ = {isa = PBXBuildFile; fileRef = DFA4913B2A3AB7B7008BC5C4 /* PexelsVideoServiceTarget.swift */; };
		DFA4913E2A3AC8B4008BC5C4 /* HTTPURLResponse + validation.swift in Sources */ = {isa = PBXBuildFile; fileRef = DFA4913D2A3AC8B4008BC5C4 /* HTTPURLResponse + validation.swift */; };
		DFA491402A3AC8D3008BC5C4 /* Data + DecodeResult.swift in Sources */ = {isa = PBXBuildFile; fileRef = DFA4913F2A3AC8D3008BC5C4 /* Data + DecodeResult.swift */; };
		DFA491432A3ACB99008BC5C4 /* PexelsPhotoServiceTarget.swift in Sources */ = {isa = PBXBuildFile; fileRef = DFA491422A3ACB99008BC5C4 /* PexelsPhotoServiceTarget.swift */; };
		DFA491462A3AD168008BC5C4 /* Result + Better Mapping.swift in Sources */ = {isa = PBXBuildFile; fileRef = DFA491452A3AD168008BC5C4 /* Result + Better Mapping.swift */; };
		DFA491482A3AD406008BC5C4 /* NetworkError.swift in Sources */ = {isa = PBXBuildFile; fileRef = DFA491472A3AD406008BC5C4 /* NetworkError.swift */; };
		DFA4914A2A3AD54A008BC5C4 /* PexelsVideoRepository.swift in Sources */ = {isa = PBXBuildFile; fileRef = DFA491492A3AD54A008BC5C4 /* PexelsVideoRepository.swift */; };
		DFA4914D2A3AD8EE008BC5C4 /* RepositoryError.swift in Sources */ = {isa = PBXBuildFile; fileRef = DFA4914C2A3AD8EE008BC5C4 /* RepositoryError.swift */; };
		DFA491502A3AD910008BC5C4 /* PexelsVideoRepositoryInterface.swift in Sources */ = {isa = PBXBuildFile; fileRef = DFA4914F2A3AD910008BC5C4 /* PexelsVideoRepositoryInterface.swift */; };
		DFA491552A3AF1B2008BC5C4 /* WrappedVideoListResponse.swift in Sources */ = {isa = PBXBuildFile; fileRef = DFA491542A3AF1B2008BC5C4 /* WrappedVideoListResponse.swift */; };
		DFA491572A3AF270008BC5C4 /* VideoPage.swift in Sources */ = {isa = PBXBuildFile; fileRef = DFA491562A3AF270008BC5C4 /* VideoPage.swift */; };
		DFA4915A2A3AF2F7008BC5C4 /* Response + model mapping.swift in Sources */ = {isa = PBXBuildFile; fileRef = DFA491592A3AF2F7008BC5C4 /* Response + model mapping.swift */; };
/* End PBXBuildFile section */

/* Begin PBXFileReference section */
		DFA4910E2A3A1F76008BC5C4 /* PexelsWiki.app */ = {isa = PBXFileReference; explicitFileType = wrapper.application; includeInIndex = 0; path = PexelsWiki.app; sourceTree = BUILT_PRODUCTS_DIR; };
		DFA491112A3A1F76008BC5C4 /* AppDelegate.swift */ = {isa = PBXFileReference; lastKnownFileType = sourcecode.swift; path = AppDelegate.swift; sourceTree = "<group>"; };
		DFA491132A3A1F76008BC5C4 /* SceneDelegate.swift */ = {isa = PBXFileReference; lastKnownFileType = sourcecode.swift; path = SceneDelegate.swift; sourceTree = "<group>"; };
		DFA491152A3A1F76008BC5C4 /* ViewController.swift */ = {isa = PBXFileReference; lastKnownFileType = sourcecode.swift; path = ViewController.swift; sourceTree = "<group>"; };
		DFA4911A2A3A1F77008BC5C4 /* Assets.xcassets */ = {isa = PBXFileReference; lastKnownFileType = folder.assetcatalog; path = Assets.xcassets; sourceTree = "<group>"; };
		DFA4911D2A3A1F77008BC5C4 /* Base */ = {isa = PBXFileReference; lastKnownFileType = file.storyboard; name = Base; path = Base.lproj/LaunchScreen.storyboard; sourceTree = "<group>"; };
		DFA4911F2A3A1F77008BC5C4 /* Info.plist */ = {isa = PBXFileReference; lastKnownFileType = text.plist.xml; path = Info.plist; sourceTree = "<group>"; };
		DFA4912D2A3A26DD008BC5C4 /* NetworkProvider.swift */ = {isa = PBXFileReference; lastKnownFileType = sourcecode.swift; path = NetworkProvider.swift; sourceTree = "<group>"; };
		DFA4912F2A3AB6C3008BC5C4 /* HTTPMethod.swift */ = {isa = PBXFileReference; lastKnownFileType = sourcecode.swift; path = HTTPMethod.swift; sourceTree = "<group>"; };
		DFA491322A3AB6E4008BC5C4 /* Requestable.swift */ = {isa = PBXFileReference; lastKnownFileType = sourcecode.swift; path = Requestable.swift; sourceTree = "<group>"; };
		DFA491342A3AB73C008BC5C4 /* URLRequest + parameters.swift */ = {isa = PBXFileReference; lastKnownFileType = sourcecode.swift; path = "URLRequest + parameters.swift"; sourceTree = "<group>"; };
		DFA491372A3AB787008BC5C4 /* ContentDetails.swift */ = {isa = PBXFileReference; lastKnownFileType = sourcecode.swift; path = ContentDetails.swift; sourceTree = "<group>"; };
		DFA4913B2A3AB7B7008BC5C4 /* PexelsVideoServiceTarget.swift */ = {isa = PBXFileReference; lastKnownFileType = sourcecode.swift; path = PexelsVideoServiceTarget.swift; sourceTree = "<group>"; };
		DFA4913D2A3AC8B4008BC5C4 /* HTTPURLResponse + validation.swift */ = {isa = PBXFileReference; lastKnownFileType = sourcecode.swift; path = "HTTPURLResponse + validation.swift"; sourceTree = "<group>"; };
		DFA4913F2A3AC8D3008BC5C4 /* Data + DecodeResult.swift */ = {isa = PBXFileReference; lastKnownFileType = sourcecode.swift; path = "Data + DecodeResult.swift"; sourceTree = "<group>"; };
		DFA491422A3ACB99008BC5C4 /* PexelsPhotoServiceTarget.swift */ = {isa = PBXFileReference; lastKnownFileType = sourcecode.swift; path = PexelsPhotoServiceTarget.swift; sourceTree = "<group>"; };
		DFA491452A3AD168008BC5C4 /* Result + Better Mapping.swift */ = {isa = PBXFileReference; lastKnownFileType = sourcecode.swift; path = "Result + Better Mapping.swift"; sourceTree = "<group>"; };
		DFA491472A3AD406008BC5C4 /* NetworkError.swift */ = {isa = PBXFileReference; lastKnownFileType = sourcecode.swift; path = NetworkError.swift; sourceTree = "<group>"; };
		DFA491492A3AD54A008BC5C4 /* PexelsVideoRepository.swift */ = {isa = PBXFileReference; lastKnownFileType = sourcecode.swift; path = PexelsVideoRepository.swift; sourceTree = "<group>"; };
		DFA4914C2A3AD8EE008BC5C4 /* RepositoryError.swift */ = {isa = PBXFileReference; lastKnownFileType = sourcecode.swift; path = RepositoryError.swift; sourceTree = "<group>"; };
		DFA4914F2A3AD910008BC5C4 /* PexelsVideoRepositoryInterface.swift */ = {isa = PBXFileReference; lastKnownFileType = sourcecode.swift; path = PexelsVideoRepositoryInterface.swift; sourceTree = "<group>"; };
		DFA491542A3AF1B2008BC5C4 /* WrappedVideoListResponse.swift */ = {isa = PBXFileReference; lastKnownFileType = sourcecode.swift; path = WrappedVideoListResponse.swift; sourceTree = "<group>"; };
		DFA491562A3AF270008BC5C4 /* VideoPage.swift */ = {isa = PBXFileReference; lastKnownFileType = sourcecode.swift; path = VideoPage.swift; sourceTree = "<group>"; };
		DFA491592A3AF2F7008BC5C4 /* Response + model mapping.swift */ = {isa = PBXFileReference; lastKnownFileType = sourcecode.swift; path = "Response + model mapping.swift"; sourceTree = "<group>"; };
/* End PBXFileReference section */

/* Begin PBXFrameworksBuildPhase section */
		DFA4910B2A3A1F76008BC5C4 /* Frameworks */ = {
			isa = PBXFrameworksBuildPhase;
			buildActionMask = 2147483647;
			files = (
			);
			runOnlyForDeploymentPostprocessing = 0;
		};
/* End PBXFrameworksBuildPhase section */

/* Begin PBXGroup section */
		DFA491052A3A1F76008BC5C4 = {
			isa = PBXGroup;
			children = (
				DFA491102A3A1F76008BC5C4 /* PexelsWiki */,
				DFA4910F2A3A1F76008BC5C4 /* Products */,
			);
			sourceTree = "<group>";
		};
		DFA4910F2A3A1F76008BC5C4 /* Products */ = {
			isa = PBXGroup;
			children = (
				DFA4910E2A3A1F76008BC5C4 /* PexelsWiki.app */,
			);
			name = Products;
			sourceTree = "<group>";
		};
		DFA491102A3A1F76008BC5C4 /* PexelsWiki */ = {
			isa = PBXGroup;
			children = (
				DFA491282A3A2077008BC5C4 /* Application */,
				DFA491252A3A2065008BC5C4 /* Presentation */,
				DFA491262A3A206A008BC5C4 /* Domain */,
				DFA491272A3A2071008BC5C4 /* Data */,
				DFA491442A3AD155008BC5C4 /* Utilities */,
				DFA491292A3A2084008BC5C4 /* Resources */,
			);
			path = PexelsWiki;
			sourceTree = "<group>";
		};
		DFA491252A3A2065008BC5C4 /* Presentation */ = {
			isa = PBXGroup;
			children = (
				DFA491152A3A1F76008BC5C4 /* ViewController.swift */,
			);
			path = Presentation;
			sourceTree = "<group>";
		};
		DFA491262A3A206A008BC5C4 /* Domain */ = {
			isa = PBXGroup;
			children = (
				DFA4914E2A3AD903008BC5C4 /* RepositoryInterfaces */,
				DFA491362A3AB76E008BC5C4 /* Model */,
			);
			path = Domain;
			sourceTree = "<group>";
		};
		DFA491272A3A2071008BC5C4 /* Data */ = {
			isa = PBXGroup;
			children = (
				DFA4912A2A3A2180008BC5C4 /* NetworkPlatform */,
			);
			path = Data;
			sourceTree = "<group>";
		};
		DFA491282A3A2077008BC5C4 /* Application */ = {
			isa = PBXGroup;
			children = (
				DFA491112A3A1F76008BC5C4 /* AppDelegate.swift */,
				DFA491132A3A1F76008BC5C4 /* SceneDelegate.swift */,
			);
			path = Application;
			sourceTree = "<group>";
		};
		DFA491292A3A2084008BC5C4 /* Resources */ = {
			isa = PBXGroup;
			children = (
				DFA4911A2A3A1F77008BC5C4 /* Assets.xcassets */,
				DFA4911C2A3A1F77008BC5C4 /* LaunchScreen.storyboard */,
				DFA4911F2A3A1F77008BC5C4 /* Info.plist */,
			);
			path = Resources;
			sourceTree = "<group>";
		};
		DFA4912A2A3A2180008BC5C4 /* NetworkPlatform */ = {
			isa = PBXGroup;
			children = (
				DFA4913A2A3AB7AB008BC5C4 /* ServiceTarget */,
				DFA4914B2A3AD551008BC5C4 /* Repository */,
				DFA491392A3AB7A0008BC5C4 /* NetworkProvider */,
			);
			path = NetworkPlatform;
			sourceTree = "<group>";
		};
		DFA491362A3AB76E008BC5C4 /* Model */ = {
			isa = PBXGroup;
			children = (
				DFA491372A3AB787008BC5C4 /* ContentDetails.swift */,
				DFA491562A3AF270008BC5C4 /* VideoPage.swift */,
			);
			path = Model;
			sourceTree = "<group>";
		};
		DFA491392A3AB7A0008BC5C4 /* NetworkProvider */ = {
			isa = PBXGroup;
			children = (
				DFA491512A3AE884008BC5C4 /* Extensions */,
				DFA4912F2A3AB6C3008BC5C4 /* HTTPMethod.swift */,
				DFA491322A3AB6E4008BC5C4 /* Requestable.swift */,
				DFA491472A3AD406008BC5C4 /* NetworkError.swift */,
				DFA4912D2A3A26DD008BC5C4 /* NetworkProvider.swift */,
			);
			path = NetworkProvider;
			sourceTree = "<group>";
		};
		DFA4913A2A3AB7AB008BC5C4 /* ServiceTarget */ = {
			isa = PBXGroup;
			children = (
				DFA491582A3AF2E5008BC5C4 /* Response */,
				DFA491422A3ACB99008BC5C4 /* PexelsPhotoServiceTarget.swift */,
				DFA4913B2A3AB7B7008BC5C4 /* PexelsVideoServiceTarget.swift */,
			);
			path = ServiceTarget;
			sourceTree = "<group>";
		};
		DFA491442A3AD155008BC5C4 /* Utilities */ = {
			isa = PBXGroup;
			children = (
				DFA491452A3AD168008BC5C4 /* Result + Better Mapping.swift */,
			);
			path = Utilities;
			sourceTree = "<group>";
		};
		DFA4914B2A3AD551008BC5C4 /* Repository */ = {
			isa = PBXGroup;
			children = (
				DFA4914C2A3AD8EE008BC5C4 /* RepositoryError.swift */,
				DFA491492A3AD54A008BC5C4 /* PexelsVideoRepository.swift */,
			);
			path = Repository;
			sourceTree = "<group>";
		};
		DFA4914E2A3AD903008BC5C4 /* RepositoryInterfaces */ = {
			isa = PBXGroup;
			children = (
				DFA4914F2A3AD910008BC5C4 /* PexelsVideoRepositoryInterface.swift */,
			);
			path = RepositoryInterfaces;
			sourceTree = "<group>";
		};
		DFA491512A3AE884008BC5C4 /* Extensions */ = {
			isa = PBXGroup;
			children = (
				DFA4913D2A3AC8B4008BC5C4 /* HTTPURLResponse + validation.swift */,
				DFA4913F2A3AC8D3008BC5C4 /* Data + DecodeResult.swift */,
				DFA491342A3AB73C008BC5C4 /* URLRequest + parameters.swift */,
			);
			path = Extensions;
			sourceTree = "<group>";
		};
		DFA491582A3AF2E5008BC5C4 /* Response */ = {
			isa = PBXGroup;
			children = (
				DFA491542A3AF1B2008BC5C4 /* WrappedVideoListResponse.swift */,
				DFA491592A3AF2F7008BC5C4 /* Response + model mapping.swift */,
			);
			path = Response;
			sourceTree = "<group>";
		};
/* End PBXGroup section */

/* Begin PBXNativeTarget section */
		DFA4910D2A3A1F76008BC5C4 /* PexelsWiki */ = {
			isa = PBXNativeTarget;
			buildConfigurationList = DFA491222A3A1F77008BC5C4 /* Build configuration list for PBXNativeTarget "PexelsWiki" */;
			buildPhases = (
				DFA4910A2A3A1F76008BC5C4 /* Sources */,
				DFA4910B2A3A1F76008BC5C4 /* Frameworks */,
				DFA4910C2A3A1F76008BC5C4 /* Resources */,
			);
			buildRules = (
			);
			dependencies = (
			);
			name = PexelsWiki;
			productName = PexelsWiki;
			productReference = DFA4910E2A3A1F76008BC5C4 /* PexelsWiki.app */;
			productType = "com.apple.product-type.application";
		};
/* End PBXNativeTarget section */

/* Begin PBXProject section */
		DFA491062A3A1F76008BC5C4 /* Project object */ = {
			isa = PBXProject;
			attributes = {
				BuildIndependentTargetsInParallel = 1;
				LastSwiftUpdateCheck = 1430;
				LastUpgradeCheck = 1430;
				TargetAttributes = {
					DFA4910D2A3A1F76008BC5C4 = {
						CreatedOnToolsVersion = 14.3;
					};
				};
			};
			buildConfigurationList = DFA491092A3A1F76008BC5C4 /* Build configuration list for PBXProject "PexelsWiki" */;
			compatibilityVersion = "Xcode 14.0";
			developmentRegion = en;
			hasScannedForEncodings = 0;
			knownRegions = (
				en,
				Base,
			);
			mainGroup = DFA491052A3A1F76008BC5C4;
			productRefGroup = DFA4910F2A3A1F76008BC5C4 /* Products */;
			projectDirPath = "";
			projectRoot = "";
			targets = (
				DFA4910D2A3A1F76008BC5C4 /* PexelsWiki */,
			);
		};
/* End PBXProject section */

/* Begin PBXResourcesBuildPhase section */
		DFA4910C2A3A1F76008BC5C4 /* Resources */ = {
			isa = PBXResourcesBuildPhase;
			buildActionMask = 2147483647;
			files = (
				DFA4911E2A3A1F77008BC5C4 /* LaunchScreen.storyboard in Resources */,
				DFA4911B2A3A1F77008BC5C4 /* Assets.xcassets in Resources */,
			);
			runOnlyForDeploymentPostprocessing = 0;
		};
/* End PBXResourcesBuildPhase section */

/* Begin PBXSourcesBuildPhase section */
		DFA4910A2A3A1F76008BC5C4 /* Sources */ = {
			isa = PBXSourcesBuildPhase;
			buildActionMask = 2147483647;
			files = (
				DFA4913C2A3AB7B7008BC5C4 /* PexelsVideoServiceTarget.swift in Sources */,
				DFA491502A3AD910008BC5C4 /* PexelsVideoRepositoryInterface.swift in Sources */,
				DFA491482A3AD406008BC5C4 /* NetworkError.swift in Sources */,
				DFA4914A2A3AD54A008BC5C4 /* PexelsVideoRepository.swift in Sources */,
				DFA491402A3AC8D3008BC5C4 /* Data + DecodeResult.swift in Sources */,
				DFA491382A3AB787008BC5C4 /* ContentDetails.swift in Sources */,
				DFA491552A3AF1B2008BC5C4 /* WrappedVideoListResponse.swift in Sources */,
				DFA491462A3AD168008BC5C4 /* Result + Better Mapping.swift in Sources */,
				DFA491432A3ACB99008BC5C4 /* PexelsPhotoServiceTarget.swift in Sources */,
				DFA491162A3A1F76008BC5C4 /* ViewController.swift in Sources */,
				DFA4912E2A3A26DD008BC5C4 /* NetworkProvider.swift in Sources */,
				DFA491122A3A1F76008BC5C4 /* AppDelegate.swift in Sources */,
				DFA4915A2A3AF2F7008BC5C4 /* Response + model mapping.swift in Sources */,
				DFA491572A3AF270008BC5C4 /* VideoPage.swift in Sources */,
				DFA4914D2A3AD8EE008BC5C4 /* RepositoryError.swift in Sources */,
				DFA491352A3AB73C008BC5C4 /* URLRequest + parameters.swift in Sources */,
				DFA491332A3AB6E4008BC5C4 /* Requestable.swift in Sources */,
				DFA4913E2A3AC8B4008BC5C4 /* HTTPURLResponse + validation.swift in Sources */,
				DFA491302A3AB6C3008BC5C4 /* HTTPMethod.swift in Sources */,
				DFA491142A3A1F76008BC5C4 /* SceneDelegate.swift in Sources */,
			);
			runOnlyForDeploymentPostprocessing = 0;
		};
/* End PBXSourcesBuildPhase section */

/* Begin PBXVariantGroup section */
		DFA4911C2A3A1F77008BC5C4 /* LaunchScreen.storyboard */ = {
			isa = PBXVariantGroup;
			children = (
				DFA4911D2A3A1F77008BC5C4 /* Base */,
			);
			name = LaunchScreen.storyboard;
			sourceTree = "<group>";
		};
/* End PBXVariantGroup section */

/* Begin XCBuildConfiguration section */
		DFA491202A3A1F77008BC5C4 /* Debug */ = {
			isa = XCBuildConfiguration;
			buildSettings = {
				ALWAYS_SEARCH_USER_PATHS = NO;
				CLANG_ANALYZER_NONNULL = YES;
				CLANG_ANALYZER_NUMBER_OBJECT_CONVERSION = YES_AGGRESSIVE;
				CLANG_CXX_LANGUAGE_STANDARD = "gnu++20";
				CLANG_ENABLE_MODULES = YES;
				CLANG_ENABLE_OBJC_ARC = YES;
				CLANG_ENABLE_OBJC_WEAK = YES;
				CLANG_WARN_BLOCK_CAPTURE_AUTORELEASING = YES;
				CLANG_WARN_BOOL_CONVERSION = YES;
				CLANG_WARN_COMMA = YES;
				CLANG_WARN_CONSTANT_CONVERSION = YES;
				CLANG_WARN_DEPRECATED_OBJC_IMPLEMENTATIONS = YES;
				CLANG_WARN_DIRECT_OBJC_ISA_USAGE = YES_ERROR;
				CLANG_WARN_DOCUMENTATION_COMMENTS = YES;
				CLANG_WARN_EMPTY_BODY = YES;
				CLANG_WARN_ENUM_CONVERSION = YES;
				CLANG_WARN_INFINITE_RECURSION = YES;
				CLANG_WARN_INT_CONVERSION = YES;
				CLANG_WARN_NON_LITERAL_NULL_CONVERSION = YES;
				CLANG_WARN_OBJC_IMPLICIT_RETAIN_SELF = YES;
				CLANG_WARN_OBJC_LITERAL_CONVERSION = YES;
				CLANG_WARN_OBJC_ROOT_CLASS = YES_ERROR;
				CLANG_WARN_QUOTED_INCLUDE_IN_FRAMEWORK_HEADER = YES;
				CLANG_WARN_RANGE_LOOP_ANALYSIS = YES;
				CLANG_WARN_STRICT_PROTOTYPES = YES;
				CLANG_WARN_SUSPICIOUS_MOVE = YES;
				CLANG_WARN_UNGUARDED_AVAILABILITY = YES_AGGRESSIVE;
				CLANG_WARN_UNREACHABLE_CODE = YES;
				CLANG_WARN__DUPLICATE_METHOD_MATCH = YES;
				COPY_PHASE_STRIP = NO;
				DEBUG_INFORMATION_FORMAT = dwarf;
				ENABLE_STRICT_OBJC_MSGSEND = YES;
				ENABLE_TESTABILITY = YES;
				GCC_C_LANGUAGE_STANDARD = gnu11;
				GCC_DYNAMIC_NO_PIC = NO;
				GCC_NO_COMMON_BLOCKS = YES;
				GCC_OPTIMIZATION_LEVEL = 0;
				GCC_PREPROCESSOR_DEFINITIONS = (
					"DEBUG=1",
					"$(inherited)",
				);
				GCC_WARN_64_TO_32_BIT_CONVERSION = YES;
				GCC_WARN_ABOUT_RETURN_TYPE = YES_ERROR;
				GCC_WARN_UNDECLARED_SELECTOR = YES;
				GCC_WARN_UNINITIALIZED_AUTOS = YES_AGGRESSIVE;
				GCC_WARN_UNUSED_FUNCTION = YES;
				GCC_WARN_UNUSED_VARIABLE = YES;
				IPHONEOS_DEPLOYMENT_TARGET = 16.4;
				MTL_ENABLE_DEBUG_INFO = INCLUDE_SOURCE;
				MTL_FAST_MATH = YES;
				ONLY_ACTIVE_ARCH = YES;
				SDKROOT = iphoneos;
				SWIFT_ACTIVE_COMPILATION_CONDITIONS = DEBUG;
				SWIFT_OPTIMIZATION_LEVEL = "-Onone";
			};
			name = Debug;
		};
		DFA491212A3A1F77008BC5C4 /* Release */ = {
			isa = XCBuildConfiguration;
			buildSettings = {
				ALWAYS_SEARCH_USER_PATHS = NO;
				CLANG_ANALYZER_NONNULL = YES;
				CLANG_ANALYZER_NUMBER_OBJECT_CONVERSION = YES_AGGRESSIVE;
				CLANG_CXX_LANGUAGE_STANDARD = "gnu++20";
				CLANG_ENABLE_MODULES = YES;
				CLANG_ENABLE_OBJC_ARC = YES;
				CLANG_ENABLE_OBJC_WEAK = YES;
				CLANG_WARN_BLOCK_CAPTURE_AUTORELEASING = YES;
				CLANG_WARN_BOOL_CONVERSION = YES;
				CLANG_WARN_COMMA = YES;
				CLANG_WARN_CONSTANT_CONVERSION = YES;
				CLANG_WARN_DEPRECATED_OBJC_IMPLEMENTATIONS = YES;
				CLANG_WARN_DIRECT_OBJC_ISA_USAGE = YES_ERROR;
				CLANG_WARN_DOCUMENTATION_COMMENTS = YES;
				CLANG_WARN_EMPTY_BODY = YES;
				CLANG_WARN_ENUM_CONVERSION = YES;
				CLANG_WARN_INFINITE_RECURSION = YES;
				CLANG_WARN_INT_CONVERSION = YES;
				CLANG_WARN_NON_LITERAL_NULL_CONVERSION = YES;
				CLANG_WARN_OBJC_IMPLICIT_RETAIN_SELF = YES;
				CLANG_WARN_OBJC_LITERAL_CONVERSION = YES;
				CLANG_WARN_OBJC_ROOT_CLASS = YES_ERROR;
				CLANG_WARN_QUOTED_INCLUDE_IN_FRAMEWORK_HEADER = YES;
				CLANG_WARN_RANGE_LOOP_ANALYSIS = YES;
				CLANG_WARN_STRICT_PROTOTYPES = YES;
				CLANG_WARN_SUSPICIOUS_MOVE = YES;
				CLANG_WARN_UNGUARDED_AVAILABILITY = YES_AGGRESSIVE;
				CLANG_WARN_UNREACHABLE_CODE = YES;
				CLANG_WARN__DUPLICATE_METHOD_MATCH = YES;
				COPY_PHASE_STRIP = NO;
				DEBUG_INFORMATION_FORMAT = "dwarf-with-dsym";
				ENABLE_NS_ASSERTIONS = NO;
				ENABLE_STRICT_OBJC_MSGSEND = YES;
				GCC_C_LANGUAGE_STANDARD = gnu11;
				GCC_NO_COMMON_BLOCKS = YES;
				GCC_WARN_64_TO_32_BIT_CONVERSION = YES;
				GCC_WARN_ABOUT_RETURN_TYPE = YES_ERROR;
				GCC_WARN_UNDECLARED_SELECTOR = YES;
				GCC_WARN_UNINITIALIZED_AUTOS = YES_AGGRESSIVE;
				GCC_WARN_UNUSED_FUNCTION = YES;
				GCC_WARN_UNUSED_VARIABLE = YES;
				IPHONEOS_DEPLOYMENT_TARGET = 16.4;
				MTL_ENABLE_DEBUG_INFO = NO;
				MTL_FAST_MATH = YES;
				SDKROOT = iphoneos;
				SWIFT_COMPILATION_MODE = wholemodule;
				SWIFT_OPTIMIZATION_LEVEL = "-O";
				VALIDATE_PRODUCT = YES;
			};
			name = Release;
		};
		DFA491232A3A1F77008BC5C4 /* Debug */ = {
			isa = XCBuildConfiguration;
			buildSettings = {
				ASSETCATALOG_COMPILER_APPICON_NAME = AppIcon;
				ASSETCATALOG_COMPILER_GLOBAL_ACCENT_COLOR_NAME = AccentColor;
				CODE_SIGN_STYLE = Automatic;
				CURRENT_PROJECT_VERSION = 1;
				DEVELOPMENT_TEAM = 299MY3M6HX;
				GENERATE_INFOPLIST_FILE = YES;
				INFOPLIST_FILE = PexelsWiki/Resources/Info.plist;
				INFOPLIST_KEY_UIApplicationSupportsIndirectInputEvents = YES;
				INFOPLIST_KEY_UILaunchStoryboardName = LaunchScreen;
				INFOPLIST_KEY_UISupportedInterfaceOrientations_iPad = "UIInterfaceOrientationPortrait UIInterfaceOrientationPortraitUpsideDown UIInterfaceOrientationLandscapeLeft UIInterfaceOrientationLandscapeRight";
				INFOPLIST_KEY_UISupportedInterfaceOrientations_iPhone = "UIInterfaceOrientationPortrait UIInterfaceOrientationLandscapeLeft UIInterfaceOrientationLandscapeRight";
				LD_RUNPATH_SEARCH_PATHS = (
					"$(inherited)",
					"@executable_path/Frameworks",
				);
				MARKETING_VERSION = 1.0;
				PRODUCT_BUNDLE_IDENTIFIER = remypark.PexelsWiki;
				PRODUCT_NAME = "$(TARGET_NAME)";
				SUPPORTED_PLATFORMS = "iphoneos iphonesimulator";
				SUPPORTS_MACCATALYST = NO;
				SUPPORTS_MAC_DESIGNED_FOR_IPHONE_IPAD = NO;
				SWIFT_EMIT_LOC_STRINGS = YES;
				SWIFT_VERSION = 5.0;
				TARGETED_DEVICE_FAMILY = 1;
			};
			name = Debug;
		};
		DFA491242A3A1F77008BC5C4 /* Release */ = {
			isa = XCBuildConfiguration;
			buildSettings = {
				ASSETCATALOG_COMPILER_APPICON_NAME = AppIcon;
				ASSETCATALOG_COMPILER_GLOBAL_ACCENT_COLOR_NAME = AccentColor;
				CODE_SIGN_STYLE = Automatic;
				CURRENT_PROJECT_VERSION = 1;
				DEVELOPMENT_TEAM = 299MY3M6HX;
				GENERATE_INFOPLIST_FILE = YES;
				INFOPLIST_FILE = PexelsWiki/Resources/Info.plist;
				INFOPLIST_KEY_UIApplicationSupportsIndirectInputEvents = YES;
				INFOPLIST_KEY_UILaunchStoryboardName = LaunchScreen;
				INFOPLIST_KEY_UISupportedInterfaceOrientations_iPad = "UIInterfaceOrientationPortrait UIInterfaceOrientationPortraitUpsideDown UIInterfaceOrientationLandscapeLeft UIInterfaceOrientationLandscapeRight";
				INFOPLIST_KEY_UISupportedInterfaceOrientations_iPhone = "UIInterfaceOrientationPortrait UIInterfaceOrientationLandscapeLeft UIInterfaceOrientationLandscapeRight";
				LD_RUNPATH_SEARCH_PATHS = (
					"$(inherited)",
					"@executable_path/Frameworks",
				);
				MARKETING_VERSION = 1.0;
				PRODUCT_BUNDLE_IDENTIFIER = remypark.PexelsWiki;
				PRODUCT_NAME = "$(TARGET_NAME)";
				SUPPORTED_PLATFORMS = "iphoneos iphonesimulator";
				SUPPORTS_MACCATALYST = NO;
				SUPPORTS_MAC_DESIGNED_FOR_IPHONE_IPAD = NO;
				SWIFT_EMIT_LOC_STRINGS = YES;
				SWIFT_VERSION = 5.0;
				TARGETED_DEVICE_FAMILY = 1;
			};
			name = Release;
		};
/* End XCBuildConfiguration section */

/* Begin XCConfigurationList section */
		DFA491092A3A1F76008BC5C4 /* Build configuration list for PBXProject "PexelsWiki" */ = {
			isa = XCConfigurationList;
			buildConfigurations = (
				DFA491202A3A1F77008BC5C4 /* Debug */,
				DFA491212A3A1F77008BC5C4 /* Release */,
			);
			defaultConfigurationIsVisible = 0;
			defaultConfigurationName = Release;
		};
		DFA491222A3A1F77008BC5C4 /* Build configuration list for PBXNativeTarget "PexelsWiki" */ = {
			isa = XCConfigurationList;
			buildConfigurations = (
				DFA491232A3A1F77008BC5C4 /* Debug */,
				DFA491242A3A1F77008BC5C4 /* Release */,
			);
			defaultConfigurationIsVisible = 0;
			defaultConfigurationName = Release;
		};
/* End XCConfigurationList section */
	};
	rootObject = DFA491062A3A1F76008BC5C4 /* Project object */;
}
