// !$*UTF8*$!
{
	archiveVersion = 1;
	classes = {
	};
	objectVersion = 56;
	objects = {

/* Begin PBXBuildFile section */
		DF3FC2BC2A3D6A25000DD223 /* CoordinatorProtocol.swift in Sources */ = {isa = PBXBuildFile; fileRef = DF3FC2BB2A3D6A25000DD223 /* CoordinatorProtocol.swift */; };
		DF3FC2BE2A3DA089000DD223 /* AppCoordinator.swift in Sources */ = {isa = PBXBuildFile; fileRef = DF3FC2BD2A3DA089000DD223 /* AppCoordinator.swift */; };
		DF42BDA42A49EF6E00AA0896 /* ImageLoadManager.swift in Sources */ = {isa = PBXBuildFile; fileRef = DF42BDA32A49EF6E00AA0896 /* ImageLoadManager.swift */; };
		DF42BDA62A4AD65A00AA0896 /* UIImage+ImageFromData.swift in Sources */ = {isa = PBXBuildFile; fileRef = DF42BDA52A4AD65A00AA0896 /* UIImage+ImageFromData.swift */; };
		DF42BDAA2A4AE27300AA0896 /* Int+StorageUnits.swift in Sources */ = {isa = PBXBuildFile; fileRef = DF42BDA92A4AE27300AA0896 /* Int+StorageUnits.swift */; };
		DF7D16B52B1F0A870074B721 /* PaginationFetchControl.swift in Sources */ = {isa = PBXBuildFile; fileRef = DF7D16B42B1F0A870074B721 /* PaginationFetchControl.swift */; };
		DFA491122A3A1F76008BC5C4 /* AppDelegate.swift in Sources */ = {isa = PBXBuildFile; fileRef = DFA491112A3A1F76008BC5C4 /* AppDelegate.swift */; };
		DFA491142A3A1F76008BC5C4 /* SceneDelegate.swift in Sources */ = {isa = PBXBuildFile; fileRef = DFA491132A3A1F76008BC5C4 /* SceneDelegate.swift */; };
		DFA491162A3A1F76008BC5C4 /* HomeViewController.swift in Sources */ = {isa = PBXBuildFile; fileRef = DFA491152A3A1F76008BC5C4 /* HomeViewController.swift */; };
		DFA4911B2A3A1F77008BC5C4 /* Assets.xcassets in Resources */ = {isa = PBXBuildFile; fileRef = DFA4911A2A3A1F77008BC5C4 /* Assets.xcassets */; };
		DFA4911E2A3A1F77008BC5C4 /* LaunchScreen.storyboard in Resources */ = {isa = PBXBuildFile; fileRef = DFA4911C2A3A1F77008BC5C4 /* LaunchScreen.storyboard */; };
		DFA4912E2A3A26DD008BC5C4 /* NetworkProvider.swift in Sources */ = {isa = PBXBuildFile; fileRef = DFA4912D2A3A26DD008BC5C4 /* NetworkProvider.swift */; };
		DFA491302A3AB6C3008BC5C4 /* HTTPMethod.swift in Sources */ = {isa = PBXBuildFile; fileRef = DFA4912F2A3AB6C3008BC5C4 /* HTTPMethod.swift */; };
		DFA491332A3AB6E4008BC5C4 /* Requestable.swift in Sources */ = {isa = PBXBuildFile; fileRef = DFA491322A3AB6E4008BC5C4 /* Requestable.swift */; };
		DFA491382A3AB787008BC5C4 /* ContentDetails.swift in Sources */ = {isa = PBXBuildFile; fileRef = DFA491372A3AB787008BC5C4 /* ContentDetails.swift */; };
		DFA491482A3AD406008BC5C4 /* ProviderValidationError.swift in Sources */ = {isa = PBXBuildFile; fileRef = DFA491472A3AD406008BC5C4 /* ProviderValidationError.swift */; };
		DFA491552A3AF1B2008BC5C4 /* WrappedVideoListResponse.swift in Sources */ = {isa = PBXBuildFile; fileRef = DFA491542A3AF1B2008BC5C4 /* WrappedVideoListResponse.swift */; };
		DFA491572A3AF270008BC5C4 /* VideoPage.swift in Sources */ = {isa = PBXBuildFile; fileRef = DFA491562A3AF270008BC5C4 /* VideoPage.swift */; };
		DFA4915A2A3AF2F7008BC5C4 /* Response + model mapping.swift in Sources */ = {isa = PBXBuildFile; fileRef = DFA491592A3AF2F7008BC5C4 /* Response + model mapping.swift */; };
		DFA4915C2A3AF5A8008BC5C4 /* WrappedPhotoListResponse.swift in Sources */ = {isa = PBXBuildFile; fileRef = DFA4915B2A3AF5A8008BC5C4 /* WrappedPhotoListResponse.swift */; };
		DFA4915E2A3AF7AF008BC5C4 /* PhotoPage.swift in Sources */ = {isa = PBXBuildFile; fileRef = DFA4915D2A3AF7AF008BC5C4 /* PhotoPage.swift */; };
		DFD792882A41BA8200729C2F /* UserInfoView.swift in Sources */ = {isa = PBXBuildFile; fileRef = DFD792872A41BA8200729C2F /* UserInfoView.swift */; };
		DFD7928E2A42010500729C2F /* HomeContentCell.swift in Sources */ = {isa = PBXBuildFile; fileRef = DFD7928D2A42010500729C2F /* HomeContentCell.swift */; };
		DFD792932A4468FD00729C2F /* HomeContentCellViewModel.swift in Sources */ = {isa = PBXBuildFile; fileRef = DFD792922A4468FD00729C2F /* HomeContentCellViewModel.swift */; };
		DFD792962A44705C00729C2F /* PexelsPhotoUseCase.swift in Sources */ = {isa = PBXBuildFile; fileRef = DFD792952A44705C00729C2F /* PexelsPhotoUseCase.swift */; };
		DFD7929C2A448AF400729C2F /* HomeViewModel.swift in Sources */ = {isa = PBXBuildFile; fileRef = DFD7929B2A448AF400729C2F /* HomeViewModel.swift */; };
		DFD7929E2A44A05F00729C2F /* PageSize.swift in Sources */ = {isa = PBXBuildFile; fileRef = DFD7929D2A44A05F00729C2F /* PageSize.swift */; };
		DFD792A22A456B5500729C2F /* MainBundle+APIKey.swift in Sources */ = {isa = PBXBuildFile; fileRef = DFD792A12A456B5500729C2F /* MainBundle+APIKey.swift */; };
		DFD792A92A45B42E00729C2F /* SearchNavigatorViewController.swift in Sources */ = {isa = PBXBuildFile; fileRef = DFD792A82A45B42E00729C2F /* SearchNavigatorViewController.swift */; };
		DFD792AB2A45CA3000729C2F /* RecommendedCategory.swift in Sources */ = {isa = PBXBuildFile; fileRef = DFD792AA2A45CA3000729C2F /* RecommendedCategory.swift */; };
		DFD792AD2A46818700729C2F /* CategoryCell.swift in Sources */ = {isa = PBXBuildFile; fileRef = DFD792AC2A46818700729C2F /* CategoryCell.swift */; };
		DFD792AF2A4687C000729C2F /* SearchNavigatorViewModel.swift in Sources */ = {isa = PBXBuildFile; fileRef = DFD792AE2A4687C000729C2F /* SearchNavigatorViewModel.swift */; };
		DFD792B12A46A8AC00729C2F /* PhotoSearchUseCase.swift in Sources */ = {isa = PBXBuildFile; fileRef = DFD792B02A46A8AC00729C2F /* PhotoSearchUseCase.swift */; };
		DFD792B32A46A9F600729C2F /* VideoSearchUseCase.swift in Sources */ = {isa = PBXBuildFile; fileRef = DFD792B22A46A9F600729C2F /* VideoSearchUseCase.swift */; };
		DFD792B52A46B77600729C2F /* ContentType.swift in Sources */ = {isa = PBXBuildFile; fileRef = DFD792B42A46B77600729C2F /* ContentType.swift */; };
		DFD792BA2A46D5EA00729C2F /* PhotoSearchViewController.swift in Sources */ = {isa = PBXBuildFile; fileRef = DFD792B92A46D5EA00729C2F /* PhotoSearchViewController.swift */; };
		DFD792BC2A46DA5700729C2F /* PhotoContentCell.swift in Sources */ = {isa = PBXBuildFile; fileRef = DFD792BB2A46DA5700729C2F /* PhotoContentCell.swift */; };
		DFD792BE2A47BB6A00729C2F /* UICollectionViewCompositionalLayout+LayoutTypes.swift in Sources */ = {isa = PBXBuildFile; fileRef = DFD792BD2A47BB6A00729C2F /* UICollectionViewCompositionalLayout+LayoutTypes.swift */; };
		DFD792C02A47FCA300729C2F /* PhotoSearchViewModel.swift in Sources */ = {isa = PBXBuildFile; fileRef = DFD792BF2A47FCA300729C2F /* PhotoSearchViewModel.swift */; };
		DFD792C22A47FCD900729C2F /* PhotoContentCellViewModel.swift in Sources */ = {isa = PBXBuildFile; fileRef = DFD792C12A47FCD900729C2F /* PhotoContentCellViewModel.swift */; };
		DFD792CA2A482C6800729C2F /* VideoPlayerView.swift in Sources */ = {isa = PBXBuildFile; fileRef = DFD792C92A482C6800729C2F /* VideoPlayerView.swift */; };
		DFD792CE2A484ABE00729C2F /* VideoContentCell.swift in Sources */ = {isa = PBXBuildFile; fileRef = DFD792CD2A484ABE00729C2F /* VideoContentCell.swift */; };
		DFD792D02A484BB500729C2F /* VideoContentCellViewModel.swift in Sources */ = {isa = PBXBuildFile; fileRef = DFD792CF2A484BB400729C2F /* VideoContentCellViewModel.swift */; };
		DFD792D22A4854AD00729C2F /* VideoSearchViewController.swift in Sources */ = {isa = PBXBuildFile; fileRef = DFD792D12A4854AD00729C2F /* VideoSearchViewController.swift */; };
		DFD792D42A48565900729C2F /* VideoSearchViewModel.swift in Sources */ = {isa = PBXBuildFile; fileRef = DFD792D32A48565900729C2F /* VideoSearchViewModel.swift */; };
		DFD792D62A4877B600729C2F /* SearchFilterViewController.swift in Sources */ = {isa = PBXBuildFile; fileRef = DFD792D52A4877B600729C2F /* SearchFilterViewController.swift */; };
		DFD792D82A487CB000729C2F /* SearchFilterViewModel.swift in Sources */ = {isa = PBXBuildFile; fileRef = DFD792D72A487CB000729C2F /* SearchFilterViewModel.swift */; };
		DFD792DA2A498D6700729C2F /* SearchFilterOptionCell.swift in Sources */ = {isa = PBXBuildFile; fileRef = DFD792D92A498D6700729C2F /* SearchFilterOptionCell.swift */; };
		DFD792E42A49C70F00729C2F /* FilterOptions.swift in Sources */ = {isa = PBXBuildFile; fileRef = DFD792E32A49C70F00729C2F /* FilterOptions.swift */; };
		DFE101692AF775750036158A /* TabTypes.swift in Sources */ = {isa = PBXBuildFile; fileRef = DFE101682AF775750036158A /* TabTypes.swift */; };
		DFE1016B2AF775A30036158A /* TabBarCoordinator.swift in Sources */ = {isa = PBXBuildFile; fileRef = DFE1016A2AF775A30036158A /* TabBarCoordinator.swift */; };
		DFE1016D2AF91BC70036158A /* HomeCoordinator.swift in Sources */ = {isa = PBXBuildFile; fileRef = DFE1016C2AF91BC70036158A /* HomeCoordinator.swift */; };
		DFE1016F2AFA4B400036158A /* SearchCoordinator.swift in Sources */ = {isa = PBXBuildFile; fileRef = DFE1016E2AFA4B400036158A /* SearchCoordinator.swift */; };
		DFF20DD32B5519D200E01DB7 /* VisualContentRepositoryInterface.swift in Sources */ = {isa = PBXBuildFile; fileRef = DFF20DD22B5519D200E01DB7 /* VisualContentRepositoryInterface.swift */; };
		DFF20DD92B551C6000E01DB7 /* EndPoint.swift in Sources */ = {isa = PBXBuildFile; fileRef = DFF20DD82B551C6000E01DB7 /* EndPoint.swift */; };
		DFF20DDF2B56A49200E01DB7 /* VisualContentRepository.swift in Sources */ = {isa = PBXBuildFile; fileRef = DFF20DDE2B56A49200E01DB7 /* VisualContentRepository.swift */; };
		DFF20DE32B56F20A00E01DB7 /* CuratedPhotosUseCaseInterface.swift in Sources */ = {isa = PBXBuildFile; fileRef = DFF20DE22B56F20A00E01DB7 /* CuratedPhotosUseCaseInterface.swift */; };
		DFF20DE52B56F22300E01DB7 /* PhotoSearchUseCaseInterface.swift in Sources */ = {isa = PBXBuildFile; fileRef = DFF20DE42B56F22300E01DB7 /* PhotoSearchUseCaseInterface.swift */; };
		DFF20DE72B56F23B00E01DB7 /* VideoSerachUseCaseInterface.swift in Sources */ = {isa = PBXBuildFile; fileRef = DFF20DE62B56F23B00E01DB7 /* VideoSerachUseCaseInterface.swift */; };
		DFFF662B2B47BE6E00489DF0 /* Coordinator.swift in Sources */ = {isa = PBXBuildFile; fileRef = DFFF662A2B47BE6E00489DF0 /* Coordinator.swift */; };
		DFFF662D2B47C50C00489DF0 /* PhotoSearchCoordinator.swift in Sources */ = {isa = PBXBuildFile; fileRef = DFFF662C2B47C50C00489DF0 /* PhotoSearchCoordinator.swift */; };
/* End PBXBuildFile section */

/* Begin PBXFileReference section */
		DF3FC2BB2A3D6A25000DD223 /* CoordinatorProtocol.swift */ = {isa = PBXFileReference; lastKnownFileType = sourcecode.swift; path = CoordinatorProtocol.swift; sourceTree = "<group>"; };
		DF3FC2BD2A3DA089000DD223 /* AppCoordinator.swift */ = {isa = PBXFileReference; lastKnownFileType = sourcecode.swift; path = AppCoordinator.swift; sourceTree = "<group>"; };
		DF42BDA32A49EF6E00AA0896 /* ImageLoadManager.swift */ = {isa = PBXFileReference; lastKnownFileType = sourcecode.swift; path = ImageLoadManager.swift; sourceTree = "<group>"; };
		DF42BDA52A4AD65A00AA0896 /* UIImage+ImageFromData.swift */ = {isa = PBXFileReference; lastKnownFileType = sourcecode.swift; path = "UIImage+ImageFromData.swift"; sourceTree = "<group>"; };
		DF42BDA92A4AE27300AA0896 /* Int+StorageUnits.swift */ = {isa = PBXFileReference; lastKnownFileType = sourcecode.swift; path = "Int+StorageUnits.swift"; sourceTree = "<group>"; };
		DF42BDAB2A4AEAC600AA0896 /* Secrets.xcconfig */ = {isa = PBXFileReference; lastKnownFileType = text.xcconfig; path = Secrets.xcconfig; sourceTree = "<group>"; };
		DF7D16B42B1F0A870074B721 /* PaginationFetchControl.swift */ = {isa = PBXFileReference; lastKnownFileType = sourcecode.swift; path = PaginationFetchControl.swift; sourceTree = "<group>"; };
		DFA4910E2A3A1F76008BC5C4 /* PexelsWiki.app */ = {isa = PBXFileReference; explicitFileType = wrapper.application; includeInIndex = 0; path = PexelsWiki.app; sourceTree = BUILT_PRODUCTS_DIR; };
		DFA491112A3A1F76008BC5C4 /* AppDelegate.swift */ = {isa = PBXFileReference; lastKnownFileType = sourcecode.swift; path = AppDelegate.swift; sourceTree = "<group>"; };
		DFA491132A3A1F76008BC5C4 /* SceneDelegate.swift */ = {isa = PBXFileReference; lastKnownFileType = sourcecode.swift; path = SceneDelegate.swift; sourceTree = "<group>"; };
		DFA491152A3A1F76008BC5C4 /* HomeViewController.swift */ = {isa = PBXFileReference; lastKnownFileType = sourcecode.swift; path = HomeViewController.swift; sourceTree = "<group>"; };
		DFA4911A2A3A1F77008BC5C4 /* Assets.xcassets */ = {isa = PBXFileReference; lastKnownFileType = folder.assetcatalog; path = Assets.xcassets; sourceTree = "<group>"; };
		DFA4911D2A3A1F77008BC5C4 /* Base */ = {isa = PBXFileReference; lastKnownFileType = file.storyboard; name = Base; path = Base.lproj/LaunchScreen.storyboard; sourceTree = "<group>"; };
		DFA4911F2A3A1F77008BC5C4 /* Info.plist */ = {isa = PBXFileReference; lastKnownFileType = text.plist.xml; path = Info.plist; sourceTree = "<group>"; };
		DFA4912D2A3A26DD008BC5C4 /* NetworkProvider.swift */ = {isa = PBXFileReference; lastKnownFileType = sourcecode.swift; path = NetworkProvider.swift; sourceTree = "<group>"; };
		DFA4912F2A3AB6C3008BC5C4 /* HTTPMethod.swift */ = {isa = PBXFileReference; lastKnownFileType = sourcecode.swift; path = HTTPMethod.swift; sourceTree = "<group>"; };
		DFA491322A3AB6E4008BC5C4 /* Requestable.swift */ = {isa = PBXFileReference; lastKnownFileType = sourcecode.swift; path = Requestable.swift; sourceTree = "<group>"; };
		DFA491372A3AB787008BC5C4 /* ContentDetails.swift */ = {isa = PBXFileReference; lastKnownFileType = sourcecode.swift; path = ContentDetails.swift; sourceTree = "<group>"; };
		DFA491472A3AD406008BC5C4 /* ProviderValidationError.swift */ = {isa = PBXFileReference; lastKnownFileType = sourcecode.swift; path = ProviderValidationError.swift; sourceTree = "<group>"; };
		DFA491542A3AF1B2008BC5C4 /* WrappedVideoListResponse.swift */ = {isa = PBXFileReference; lastKnownFileType = sourcecode.swift; path = WrappedVideoListResponse.swift; sourceTree = "<group>"; };
		DFA491562A3AF270008BC5C4 /* VideoPage.swift */ = {isa = PBXFileReference; lastKnownFileType = sourcecode.swift; path = VideoPage.swift; sourceTree = "<group>"; };
		DFA491592A3AF2F7008BC5C4 /* Response + model mapping.swift */ = {isa = PBXFileReference; lastKnownFileType = sourcecode.swift; path = "Response + model mapping.swift"; sourceTree = "<group>"; };
		DFA4915B2A3AF5A8008BC5C4 /* WrappedPhotoListResponse.swift */ = {isa = PBXFileReference; lastKnownFileType = sourcecode.swift; path = WrappedPhotoListResponse.swift; sourceTree = "<group>"; };
		DFA4915D2A3AF7AF008BC5C4 /* PhotoPage.swift */ = {isa = PBXFileReference; lastKnownFileType = sourcecode.swift; path = PhotoPage.swift; sourceTree = "<group>"; };
		DFD792872A41BA8200729C2F /* UserInfoView.swift */ = {isa = PBXFileReference; lastKnownFileType = sourcecode.swift; path = UserInfoView.swift; sourceTree = "<group>"; };
		DFD7928D2A42010500729C2F /* HomeContentCell.swift */ = {isa = PBXFileReference; lastKnownFileType = sourcecode.swift; path = HomeContentCell.swift; sourceTree = "<group>"; };
		DFD792922A4468FD00729C2F /* HomeContentCellViewModel.swift */ = {isa = PBXFileReference; lastKnownFileType = sourcecode.swift; path = HomeContentCellViewModel.swift; sourceTree = "<group>"; };
		DFD792952A44705C00729C2F /* PexelsPhotoUseCase.swift */ = {isa = PBXFileReference; lastKnownFileType = sourcecode.swift; path = PexelsPhotoUseCase.swift; sourceTree = "<group>"; };
		DFD7929B2A448AF400729C2F /* HomeViewModel.swift */ = {isa = PBXFileReference; lastKnownFileType = sourcecode.swift; path = HomeViewModel.swift; sourceTree = "<group>"; };
		DFD7929D2A44A05F00729C2F /* PageSize.swift */ = {isa = PBXFileReference; lastKnownFileType = sourcecode.swift; path = PageSize.swift; sourceTree = "<group>"; };
		DFD792A12A456B5500729C2F /* MainBundle+APIKey.swift */ = {isa = PBXFileReference; lastKnownFileType = sourcecode.swift; path = "MainBundle+APIKey.swift"; sourceTree = "<group>"; };
		DFD792A82A45B42E00729C2F /* SearchNavigatorViewController.swift */ = {isa = PBXFileReference; lastKnownFileType = sourcecode.swift; path = SearchNavigatorViewController.swift; sourceTree = "<group>"; };
		DFD792AA2A45CA3000729C2F /* RecommendedCategory.swift */ = {isa = PBXFileReference; lastKnownFileType = sourcecode.swift; path = RecommendedCategory.swift; sourceTree = "<group>"; };
		DFD792AC2A46818700729C2F /* CategoryCell.swift */ = {isa = PBXFileReference; lastKnownFileType = sourcecode.swift; path = CategoryCell.swift; sourceTree = "<group>"; };
		DFD792AE2A4687C000729C2F /* SearchNavigatorViewModel.swift */ = {isa = PBXFileReference; lastKnownFileType = sourcecode.swift; path = SearchNavigatorViewModel.swift; sourceTree = "<group>"; };
		DFD792B02A46A8AC00729C2F /* PhotoSearchUseCase.swift */ = {isa = PBXFileReference; lastKnownFileType = sourcecode.swift; path = PhotoSearchUseCase.swift; sourceTree = "<group>"; };
		DFD792B22A46A9F600729C2F /* VideoSearchUseCase.swift */ = {isa = PBXFileReference; lastKnownFileType = sourcecode.swift; path = VideoSearchUseCase.swift; sourceTree = "<group>"; };
		DFD792B42A46B77600729C2F /* ContentType.swift */ = {isa = PBXFileReference; lastKnownFileType = sourcecode.swift; path = ContentType.swift; sourceTree = "<group>"; };
		DFD792B92A46D5EA00729C2F /* PhotoSearchViewController.swift */ = {isa = PBXFileReference; lastKnownFileType = sourcecode.swift; path = PhotoSearchViewController.swift; sourceTree = "<group>"; };
		DFD792BB2A46DA5700729C2F /* PhotoContentCell.swift */ = {isa = PBXFileReference; lastKnownFileType = sourcecode.swift; path = PhotoContentCell.swift; sourceTree = "<group>"; };
		DFD792BD2A47BB6A00729C2F /* UICollectionViewCompositionalLayout+LayoutTypes.swift */ = {isa = PBXFileReference; lastKnownFileType = sourcecode.swift; path = "UICollectionViewCompositionalLayout+LayoutTypes.swift"; sourceTree = "<group>"; };
		DFD792BF2A47FCA300729C2F /* PhotoSearchViewModel.swift */ = {isa = PBXFileReference; lastKnownFileType = sourcecode.swift; path = PhotoSearchViewModel.swift; sourceTree = "<group>"; };
		DFD792C12A47FCD900729C2F /* PhotoContentCellViewModel.swift */ = {isa = PBXFileReference; lastKnownFileType = sourcecode.swift; path = PhotoContentCellViewModel.swift; sourceTree = "<group>"; };
		DFD792C92A482C6800729C2F /* VideoPlayerView.swift */ = {isa = PBXFileReference; lastKnownFileType = sourcecode.swift; path = VideoPlayerView.swift; sourceTree = "<group>"; };
		DFD792CD2A484ABE00729C2F /* VideoContentCell.swift */ = {isa = PBXFileReference; lastKnownFileType = sourcecode.swift; path = VideoContentCell.swift; sourceTree = "<group>"; };
		DFD792CF2A484BB400729C2F /* VideoContentCellViewModel.swift */ = {isa = PBXFileReference; lastKnownFileType = sourcecode.swift; path = VideoContentCellViewModel.swift; sourceTree = "<group>"; };
		DFD792D12A4854AD00729C2F /* VideoSearchViewController.swift */ = {isa = PBXFileReference; lastKnownFileType = sourcecode.swift; path = VideoSearchViewController.swift; sourceTree = "<group>"; };
		DFD792D32A48565900729C2F /* VideoSearchViewModel.swift */ = {isa = PBXFileReference; lastKnownFileType = sourcecode.swift; path = VideoSearchViewModel.swift; sourceTree = "<group>"; };
		DFD792D52A4877B600729C2F /* SearchFilterViewController.swift */ = {isa = PBXFileReference; lastKnownFileType = sourcecode.swift; path = SearchFilterViewController.swift; sourceTree = "<group>"; };
		DFD792D72A487CB000729C2F /* SearchFilterViewModel.swift */ = {isa = PBXFileReference; lastKnownFileType = sourcecode.swift; path = SearchFilterViewModel.swift; sourceTree = "<group>"; };
		DFD792D92A498D6700729C2F /* SearchFilterOptionCell.swift */ = {isa = PBXFileReference; lastKnownFileType = sourcecode.swift; path = SearchFilterOptionCell.swift; sourceTree = "<group>"; };
		DFD792E32A49C70F00729C2F /* FilterOptions.swift */ = {isa = PBXFileReference; lastKnownFileType = sourcecode.swift; path = FilterOptions.swift; sourceTree = "<group>"; };
		DFE101682AF775750036158A /* TabTypes.swift */ = {isa = PBXFileReference; lastKnownFileType = sourcecode.swift; path = TabTypes.swift; sourceTree = "<group>"; };
		DFE1016A2AF775A30036158A /* TabBarCoordinator.swift */ = {isa = PBXFileReference; lastKnownFileType = sourcecode.swift; path = TabBarCoordinator.swift; sourceTree = "<group>"; };
		DFE1016C2AF91BC70036158A /* HomeCoordinator.swift */ = {isa = PBXFileReference; lastKnownFileType = sourcecode.swift; path = HomeCoordinator.swift; sourceTree = "<group>"; };
		DFE1016E2AFA4B400036158A /* SearchCoordinator.swift */ = {isa = PBXFileReference; lastKnownFileType = sourcecode.swift; path = SearchCoordinator.swift; sourceTree = "<group>"; };
		DFF20DD22B5519D200E01DB7 /* VisualContentRepositoryInterface.swift */ = {isa = PBXFileReference; lastKnownFileType = sourcecode.swift; path = VisualContentRepositoryInterface.swift; sourceTree = "<group>"; };
		DFF20DD82B551C6000E01DB7 /* EndPoint.swift */ = {isa = PBXFileReference; lastKnownFileType = sourcecode.swift; path = EndPoint.swift; sourceTree = "<group>"; };
		DFF20DDE2B56A49200E01DB7 /* VisualContentRepository.swift */ = {isa = PBXFileReference; lastKnownFileType = sourcecode.swift; path = VisualContentRepository.swift; sourceTree = "<group>"; };
		DFF20DE22B56F20A00E01DB7 /* CuratedPhotosUseCaseInterface.swift */ = {isa = PBXFileReference; lastKnownFileType = sourcecode.swift; path = CuratedPhotosUseCaseInterface.swift; sourceTree = "<group>"; };
		DFF20DE42B56F22300E01DB7 /* PhotoSearchUseCaseInterface.swift */ = {isa = PBXFileReference; lastKnownFileType = sourcecode.swift; path = PhotoSearchUseCaseInterface.swift; sourceTree = "<group>"; };
		DFF20DE62B56F23B00E01DB7 /* VideoSerachUseCaseInterface.swift */ = {isa = PBXFileReference; lastKnownFileType = sourcecode.swift; path = VideoSerachUseCaseInterface.swift; sourceTree = "<group>"; };
		DFFF662A2B47BE6E00489DF0 /* Coordinator.swift */ = {isa = PBXFileReference; lastKnownFileType = sourcecode.swift; path = Coordinator.swift; sourceTree = "<group>"; };
		DFFF662C2B47C50C00489DF0 /* PhotoSearchCoordinator.swift */ = {isa = PBXFileReference; lastKnownFileType = sourcecode.swift; path = PhotoSearchCoordinator.swift; sourceTree = "<group>"; };
/* End PBXFileReference section */

/* Begin PBXFrameworksBuildPhase section */
		DFA4910B2A3A1F76008BC5C4 /* Frameworks */ = {
			isa = PBXFrameworksBuildPhase;
			buildActionMask = 2147483647;
			files = (
			);
			runOnlyForDeploymentPostprocessing = 0;
		};
/* End PBXFrameworksBuildPhase section */

/* Begin PBXGroup section */
		DF3FC2BA2A3D6A15000DD223 /* Coordinator */ = {
			isa = PBXGroup;
			children = (
				DF3FC2BB2A3D6A25000DD223 /* CoordinatorProtocol.swift */,
				DFFF662A2B47BE6E00489DF0 /* Coordinator.swift */,
			);
			path = Coordinator;
			sourceTree = "<group>";
		};
		DFA491052A3A1F76008BC5C4 = {
			isa = PBXGroup;
			children = (
				DFA491102A3A1F76008BC5C4 /* PexelsWiki */,
				DFA4910F2A3A1F76008BC5C4 /* Products */,
			);
			sourceTree = "<group>";
		};
		DFA4910F2A3A1F76008BC5C4 /* Products */ = {
			isa = PBXGroup;
			children = (
				DFA4910E2A3A1F76008BC5C4 /* PexelsWiki.app */,
			);
			name = Products;
			sourceTree = "<group>";
		};
		DFA491102A3A1F76008BC5C4 /* PexelsWiki */ = {
			isa = PBXGroup;
			children = (
				DFA491282A3A2077008BC5C4 /* Application */,
				DFA491252A3A2065008BC5C4 /* Presentation */,
				DFA491262A3A206A008BC5C4 /* Domain */,
				DFA491272A3A2071008BC5C4 /* Data */,
				DFA491442A3AD155008BC5C4 /* Utilities */,
				DFA491292A3A2084008BC5C4 /* Resources */,
			);
			path = PexelsWiki;
			sourceTree = "<group>";
		};
		DFA491252A3A2065008BC5C4 /* Presentation */ = {
			isa = PBXGroup;
			children = (
				DFD792A62A45AB1F00729C2F /* Common */,
				DFE101672AF775660036158A /* Tabs */,
			);
			path = Presentation;
			sourceTree = "<group>";
		};
		DFA491262A3A206A008BC5C4 /* Domain */ = {
			isa = PBXGroup;
			children = (
				DFF20DE12B56F1F100E01DB7 /* UseCaseInterfaces */,
				DFD792942A44703500729C2F /* UseCase */,
				DFA4914E2A3AD903008BC5C4 /* RepositoryInterfaces */,
				DFA491362A3AB76E008BC5C4 /* Model */,
			);
			path = Domain;
			sourceTree = "<group>";
		};
		DFA491272A3A2071008BC5C4 /* Data */ = {
			isa = PBXGroup;
			children = (
				DFA4912A2A3A2180008BC5C4 /* NetworkPlatform */,
			);
			path = Data;
			sourceTree = "<group>";
		};
		DFA491282A3A2077008BC5C4 /* Application */ = {
			isa = PBXGroup;
			children = (
				DF3FC2BA2A3D6A15000DD223 /* Coordinator */,
				DFA491112A3A1F76008BC5C4 /* AppDelegate.swift */,
				DFA491132A3A1F76008BC5C4 /* SceneDelegate.swift */,
				DF3FC2BD2A3DA089000DD223 /* AppCoordinator.swift */,
			);
			path = Application;
			sourceTree = "<group>";
		};
		DFA491292A3A2084008BC5C4 /* Resources */ = {
			isa = PBXGroup;
			children = (
				DFA4911A2A3A1F77008BC5C4 /* Assets.xcassets */,
				DFA4911C2A3A1F77008BC5C4 /* LaunchScreen.storyboard */,
				DFA4911F2A3A1F77008BC5C4 /* Info.plist */,
				DF42BDAB2A4AEAC600AA0896 /* Secrets.xcconfig */,
			);
			path = Resources;
			sourceTree = "<group>";
		};
		DFA4912A2A3A2180008BC5C4 /* NetworkPlatform */ = {
			isa = PBXGroup;
			children = (
				DFF20DD72B551BAF00E01DB7 /* EndPoint */,
				DFA4914B2A3AD551008BC5C4 /* Repository */,
				DFA491392A3AB7A0008BC5C4 /* NetworkProvider */,
			);
			path = NetworkPlatform;
			sourceTree = "<group>";
		};
		DFA491362A3AB76E008BC5C4 /* Model */ = {
			isa = PBXGroup;
			children = (
				DFA491562A3AF270008BC5C4 /* VideoPage.swift */,
				DFA4915D2A3AF7AF008BC5C4 /* PhotoPage.swift */,
			);
			path = Model;
			sourceTree = "<group>";
		};
		DFA491392A3AB7A0008BC5C4 /* NetworkProvider */ = {
			isa = PBXGroup;
			children = (
				DFA4912F2A3AB6C3008BC5C4 /* HTTPMethod.swift */,
				DFA491322A3AB6E4008BC5C4 /* Requestable.swift */,
				DFA491472A3AD406008BC5C4 /* ProviderValidationError.swift */,
				DFA4912D2A3A26DD008BC5C4 /* NetworkProvider.swift */,
			);
			path = NetworkProvider;
			sourceTree = "<group>";
		};
		DFA491442A3AD155008BC5C4 /* Utilities */ = {
			isa = PBXGroup;
			children = (
				DF42BDA92A4AE27300AA0896 /* Int+StorageUnits.swift */,
				DFD792A12A456B5500729C2F /* MainBundle+APIKey.swift */,
				DF42BDA32A49EF6E00AA0896 /* ImageLoadManager.swift */,
			);
			path = Utilities;
			sourceTree = "<group>";
		};
		DFA4914B2A3AD551008BC5C4 /* Repository */ = {
			isa = PBXGroup;
			children = (
				DFF20DDE2B56A49200E01DB7 /* VisualContentRepository.swift */,
			);
			path = Repository;
			sourceTree = "<group>";
		};
		DFA4914E2A3AD903008BC5C4 /* RepositoryInterfaces */ = {
			isa = PBXGroup;
			children = (
				DFF20DD22B5519D200E01DB7 /* VisualContentRepositoryInterface.swift */,
			);
			path = RepositoryInterfaces;
			sourceTree = "<group>";
		};
		DFA491582A3AF2E5008BC5C4 /* Response */ = {
			isa = PBXGroup;
			children = (
				DFA491592A3AF2F7008BC5C4 /* Response + model mapping.swift */,
				DFA491542A3AF1B2008BC5C4 /* WrappedVideoListResponse.swift */,
				DFA4915B2A3AF5A8008BC5C4 /* WrappedPhotoListResponse.swift */,
			);
			path = Response;
			sourceTree = "<group>";
		};
		DFD792942A44703500729C2F /* UseCase */ = {
			isa = PBXGroup;
			children = (
				DFD792952A44705C00729C2F /* PexelsPhotoUseCase.swift */,
				DFD792B02A46A8AC00729C2F /* PhotoSearchUseCase.swift */,
				DFD792B22A46A9F600729C2F /* VideoSearchUseCase.swift */,
			);
			path = UseCase;
			sourceTree = "<group>";
		};
		DFD792A52A45AB1300729C2F /* Home */ = {
			isa = PBXGroup;
			children = (
				DFE1016C2AF91BC70036158A /* HomeCoordinator.swift */,
				DFA491152A3A1F76008BC5C4 /* HomeViewController.swift */,
				DFD7929B2A448AF400729C2F /* HomeViewModel.swift */,
				DFD7928D2A42010500729C2F /* HomeContentCell.swift */,
				DFD792922A4468FD00729C2F /* HomeContentCellViewModel.swift */,
			);
			name = Home;
			path = ../Home;
			sourceTree = "<group>";
		};
		DFD792A62A45AB1F00729C2F /* Common */ = {
			isa = PBXGroup;
			children = (
				DFD792872A41BA8200729C2F /* UserInfoView.swift */,
				DFD792BD2A47BB6A00729C2F /* UICollectionViewCompositionalLayout+LayoutTypes.swift */,
				DFD792C92A482C6800729C2F /* VideoPlayerView.swift */,
				DF42BDA52A4AD65A00AA0896 /* UIImage+ImageFromData.swift */,
				DF7D16B42B1F0A870074B721 /* PaginationFetchControl.swift */,
			);
			path = Common;
			sourceTree = "<group>";
		};
		DFD792A72A45B3A500729C2F /* Search */ = {
			isa = PBXGroup;
			children = (
				DFE1016E2AFA4B400036158A /* SearchCoordinator.swift */,
				DFE101792AFA607D0036158A /* Types */,
				DFD792C32A47FCE300729C2F /* Navigator */,
				DFD792C42A47FCF300729C2F /* Photo */,
				DFD792C82A482C4700729C2F /* Video */,
				DFD792DB2A498D6F00729C2F /* Filter */,
			);
			name = Search;
			path = ../Search;
			sourceTree = "<group>";
		};
		DFD792C32A47FCE300729C2F /* Navigator */ = {
			isa = PBXGroup;
			children = (
				DFD792A82A45B42E00729C2F /* SearchNavigatorViewController.swift */,
				DFD792AE2A4687C000729C2F /* SearchNavigatorViewModel.swift */,
				DFD792AC2A46818700729C2F /* CategoryCell.swift */,
			);
			path = Navigator;
			sourceTree = "<group>";
		};
		DFD792C42A47FCF300729C2F /* Photo */ = {
			isa = PBXGroup;
			children = (
				DFFF662C2B47C50C00489DF0 /* PhotoSearchCoordinator.swift */,
				DFD792B92A46D5EA00729C2F /* PhotoSearchViewController.swift */,
				DFD792BF2A47FCA300729C2F /* PhotoSearchViewModel.swift */,
				DFD792BB2A46DA5700729C2F /* PhotoContentCell.swift */,
				DFD792C12A47FCD900729C2F /* PhotoContentCellViewModel.swift */,
			);
			path = Photo;
			sourceTree = "<group>";
		};
		DFD792C82A482C4700729C2F /* Video */ = {
			isa = PBXGroup;
			children = (
				DFD792D12A4854AD00729C2F /* VideoSearchViewController.swift */,
				DFD792D32A48565900729C2F /* VideoSearchViewModel.swift */,
				DFD792CD2A484ABE00729C2F /* VideoContentCell.swift */,
				DFD792CF2A484BB400729C2F /* VideoContentCellViewModel.swift */,
			);
			path = Video;
			sourceTree = "<group>";
		};
		DFD792DB2A498D6F00729C2F /* Filter */ = {
			isa = PBXGroup;
			children = (
				DFD792D52A4877B600729C2F /* SearchFilterViewController.swift */,
				DFD792D72A487CB000729C2F /* SearchFilterViewModel.swift */,
				DFD792D92A498D6700729C2F /* SearchFilterOptionCell.swift */,
				DFD792E32A49C70F00729C2F /* FilterOptions.swift */,
			);
			path = Filter;
			sourceTree = "<group>";
		};
		DFE101672AF775660036158A /* Tabs */ = {
			isa = PBXGroup;
			children = (
				DFE1016A2AF775A30036158A /* TabBarCoordinator.swift */,
				DFE101682AF775750036158A /* TabTypes.swift */,
				DFD792A52A45AB1300729C2F /* Home */,
				DFD792A72A45B3A500729C2F /* Search */,
			);
			path = Tabs;
			sourceTree = "<group>";
		};
		DFE101792AFA607D0036158A /* Types */ = {
			isa = PBXGroup;
			children = (
				DFD792AA2A45CA3000729C2F /* RecommendedCategory.swift */,
				DFD792B42A46B77600729C2F /* ContentType.swift */,
				DFA491372A3AB787008BC5C4 /* ContentDetails.swift */,
				DFD7929D2A44A05F00729C2F /* PageSize.swift */,
			);
			path = Types;
			sourceTree = "<group>";
		};
		DFF20DD72B551BAF00E01DB7 /* EndPoint */ = {
			isa = PBXGroup;
			children = (
				DFA491582A3AF2E5008BC5C4 /* Response */,
				DFF20DD82B551C6000E01DB7 /* EndPoint.swift */,
			);
			path = EndPoint;
			sourceTree = "<group>";
		};
		DFF20DE12B56F1F100E01DB7 /* UseCaseInterfaces */ = {
			isa = PBXGroup;
			children = (
				DFF20DE22B56F20A00E01DB7 /* CuratedPhotosUseCaseInterface.swift */,
				DFF20DE42B56F22300E01DB7 /* PhotoSearchUseCaseInterface.swift */,
				DFF20DE62B56F23B00E01DB7 /* VideoSerachUseCaseInterface.swift */,
			);
			path = UseCaseInterfaces;
			sourceTree = "<group>";
		};
/* End PBXGroup section */

/* Begin PBXNativeTarget section */
		DFA4910D2A3A1F76008BC5C4 /* PexelsWiki */ = {
			isa = PBXNativeTarget;
			buildConfigurationList = DFA491222A3A1F77008BC5C4 /* Build configuration list for PBXNativeTarget "PexelsWiki" */;
			buildPhases = (
				DFA4910A2A3A1F76008BC5C4 /* Sources */,
				DFA4910B2A3A1F76008BC5C4 /* Frameworks */,
				DFA4910C2A3A1F76008BC5C4 /* Resources */,
			);
			buildRules = (
			);
			dependencies = (
			);
			name = PexelsWiki;
			productName = PexelsWiki;
			productReference = DFA4910E2A3A1F76008BC5C4 /* PexelsWiki.app */;
			productType = "com.apple.product-type.application";
		};
/* End PBXNativeTarget section */

/* Begin PBXProject section */
		DFA491062A3A1F76008BC5C4 /* Project object */ = {
			isa = PBXProject;
			attributes = {
				BuildIndependentTargetsInParallel = 1;
				LastSwiftUpdateCheck = 1430;
				LastUpgradeCheck = 1500;
				TargetAttributes = {
					DFA4910D2A3A1F76008BC5C4 = {
						CreatedOnToolsVersion = 14.3;
					};
				};
			};
			buildConfigurationList = DFA491092A3A1F76008BC5C4 /* Build configuration list for PBXProject "PexelsWiki" */;
			compatibilityVersion = "Xcode 14.0";
			developmentRegion = en;
			hasScannedForEncodings = 0;
			knownRegions = (
				en,
				Base,
			);
			mainGroup = DFA491052A3A1F76008BC5C4;
			productRefGroup = DFA4910F2A3A1F76008BC5C4 /* Products */;
			projectDirPath = "";
			projectRoot = "";
			targets = (
				DFA4910D2A3A1F76008BC5C4 /* PexelsWiki */,
			);
		};
/* End PBXProject section */

/* Begin PBXResourcesBuildPhase section */
		DFA4910C2A3A1F76008BC5C4 /* Resources */ = {
			isa = PBXResourcesBuildPhase;
			buildActionMask = 2147483647;
			files = (
				DFA4911E2A3A1F77008BC5C4 /* LaunchScreen.storyboard in Resources */,
				DFA4911B2A3A1F77008BC5C4 /* Assets.xcassets in Resources */,
			);
			runOnlyForDeploymentPostprocessing = 0;
		};
/* End PBXResourcesBuildPhase section */

/* Begin PBXSourcesBuildPhase section */
		DFA4910A2A3A1F76008BC5C4 /* Sources */ = {
			isa = PBXSourcesBuildPhase;
			buildActionMask = 2147483647;
			files = (
				DFD7929E2A44A05F00729C2F /* PageSize.swift in Sources */,
				DF3FC2BE2A3DA089000DD223 /* AppCoordinator.swift in Sources */,
				DF42BDA62A4AD65A00AA0896 /* UIImage+ImageFromData.swift in Sources */,
				DFA491482A3AD406008BC5C4 /* ProviderValidationError.swift in Sources */,
				DFD792BC2A46DA5700729C2F /* PhotoContentCell.swift in Sources */,
				DFF20DDF2B56A49200E01DB7 /* VisualContentRepository.swift in Sources */,
				DFE1016F2AFA4B400036158A /* SearchCoordinator.swift in Sources */,
				DFD792AB2A45CA3000729C2F /* RecommendedCategory.swift in Sources */,
				DFE1016B2AF775A30036158A /* TabBarCoordinator.swift in Sources */,
				DFF20DD92B551C6000E01DB7 /* EndPoint.swift in Sources */,
				DFD792DA2A498D6700729C2F /* SearchFilterOptionCell.swift in Sources */,
				DFA491382A3AB787008BC5C4 /* ContentDetails.swift in Sources */,
				DFA491552A3AF1B2008BC5C4 /* WrappedVideoListResponse.swift in Sources */,
				DFFF662D2B47C50C00489DF0 /* PhotoSearchCoordinator.swift in Sources */,
				DFD792962A44705C00729C2F /* PexelsPhotoUseCase.swift in Sources */,
				DFD792D42A48565900729C2F /* VideoSearchViewModel.swift in Sources */,
				DFA491162A3A1F76008BC5C4 /* HomeViewController.swift in Sources */,
				DFA4912E2A3A26DD008BC5C4 /* NetworkProvider.swift in Sources */,
				DFE101692AF775750036158A /* TabTypes.swift in Sources */,
				DFD7928E2A42010500729C2F /* HomeContentCell.swift in Sources */,
				DFF20DD32B5519D200E01DB7 /* VisualContentRepositoryInterface.swift in Sources */,
				DF7D16B52B1F0A870074B721 /* PaginationFetchControl.swift in Sources */,
				DFE1016D2AF91BC70036158A /* HomeCoordinator.swift in Sources */,
				DF42BDA42A49EF6E00AA0896 /* ImageLoadManager.swift in Sources */,
				DFD792CE2A484ABE00729C2F /* VideoContentCell.swift in Sources */,
				DFA491122A3A1F76008BC5C4 /* AppDelegate.swift in Sources */,
				DFA4915A2A3AF2F7008BC5C4 /* Response + model mapping.swift in Sources */,
				DFD792BA2A46D5EA00729C2F /* PhotoSearchViewController.swift in Sources */,
				DFD792D62A4877B600729C2F /* SearchFilterViewController.swift in Sources */,
				DFA4915E2A3AF7AF008BC5C4 /* PhotoPage.swift in Sources */,
				DFA491572A3AF270008BC5C4 /* VideoPage.swift in Sources */,
				DFD792A92A45B42E00729C2F /* SearchNavigatorViewController.swift in Sources */,
				DFD792BE2A47BB6A00729C2F /* UICollectionViewCompositionalLayout+LayoutTypes.swift in Sources */,
				DFD792932A4468FD00729C2F /* HomeContentCellViewModel.swift in Sources */,
				DFF20DE72B56F23B00E01DB7 /* VideoSerachUseCaseInterface.swift in Sources */,
				DFD792AD2A46818700729C2F /* CategoryCell.swift in Sources */,
				DFD792B32A46A9F600729C2F /* VideoSearchUseCase.swift in Sources */,
				DFD792D22A4854AD00729C2F /* VideoSearchViewController.swift in Sources */,
				DFD792B52A46B77600729C2F /* ContentType.swift in Sources */,
				DFD792D82A487CB000729C2F /* SearchFilterViewModel.swift in Sources */,
				DFD792C22A47FCD900729C2F /* PhotoContentCellViewModel.swift in Sources */,
				DFD792D02A484BB500729C2F /* VideoContentCellViewModel.swift in Sources */,
				DFA491332A3AB6E4008BC5C4 /* Requestable.swift in Sources */,
				DFF20DE52B56F22300E01DB7 /* PhotoSearchUseCaseInterface.swift in Sources */,
				DFA491302A3AB6C3008BC5C4 /* HTTPMethod.swift in Sources */,
				DFD792E42A49C70F00729C2F /* FilterOptions.swift in Sources */,
				DF3FC2BC2A3D6A25000DD223 /* CoordinatorProtocol.swift in Sources */,
				DFD792AF2A4687C000729C2F /* SearchNavigatorViewModel.swift in Sources */,
				DFF20DE32B56F20A00E01DB7 /* CuratedPhotosUseCaseInterface.swift in Sources */,
				DFD792882A41BA8200729C2F /* UserInfoView.swift in Sources */,
				DFD792B12A46A8AC00729C2F /* PhotoSearchUseCase.swift in Sources */,
				DFA491142A3A1F76008BC5C4 /* SceneDelegate.swift in Sources */,
				DFD7929C2A448AF400729C2F /* HomeViewModel.swift in Sources */,
				DFD792C02A47FCA300729C2F /* PhotoSearchViewModel.swift in Sources */,
				DFD792A22A456B5500729C2F /* MainBundle+APIKey.swift in Sources */,
				DF42BDAA2A4AE27300AA0896 /* Int+StorageUnits.swift in Sources */,
				DFA4915C2A3AF5A8008BC5C4 /* WrappedPhotoListResponse.swift in Sources */,
				DFFF662B2B47BE6E00489DF0 /* Coordinator.swift in Sources */,
				DFD792CA2A482C6800729C2F /* VideoPlayerView.swift in Sources */,
			);
			runOnlyForDeploymentPostprocessing = 0;
		};
/* End PBXSourcesBuildPhase section */

/* Begin PBXVariantGroup section */
		DFA4911C2A3A1F77008BC5C4 /* LaunchScreen.storyboard */ = {
			isa = PBXVariantGroup;
			children = (
				DFA4911D2A3A1F77008BC5C4 /* Base */,
			);
			name = LaunchScreen.storyboard;
			sourceTree = "<group>";
		};
/* End PBXVariantGroup section */

/* Begin XCBuildConfiguration section */
		DFA491202A3A1F77008BC5C4 /* Debug */ = {
			isa = XCBuildConfiguration;
			baseConfigurationReference = DF42BDAB2A4AEAC600AA0896 /* Secrets.xcconfig */;
			buildSettings = {
				ALWAYS_SEARCH_USER_PATHS = NO;
				CLANG_ANALYZER_NONNULL = YES;
				CLANG_ANALYZER_NUMBER_OBJECT_CONVERSION = YES_AGGRESSIVE;
				CLANG_CXX_LANGUAGE_STANDARD = "gnu++20";
				CLANG_ENABLE_MODULES = YES;
				CLANG_ENABLE_OBJC_ARC = YES;
				CLANG_ENABLE_OBJC_WEAK = YES;
				CLANG_WARN_BLOCK_CAPTURE_AUTORELEASING = YES;
				CLANG_WARN_BOOL_CONVERSION = YES;
				CLANG_WARN_COMMA = YES;
				CLANG_WARN_CONSTANT_CONVERSION = YES;
				CLANG_WARN_DEPRECATED_OBJC_IMPLEMENTATIONS = YES;
				CLANG_WARN_DIRECT_OBJC_ISA_USAGE = YES_ERROR;
				CLANG_WARN_DOCUMENTATION_COMMENTS = YES;
				CLANG_WARN_EMPTY_BODY = YES;
				CLANG_WARN_ENUM_CONVERSION = YES;
				CLANG_WARN_INFINITE_RECURSION = YES;
				CLANG_WARN_INT_CONVERSION = YES;
				CLANG_WARN_NON_LITERAL_NULL_CONVERSION = YES;
				CLANG_WARN_OBJC_IMPLICIT_RETAIN_SELF = YES;
				CLANG_WARN_OBJC_LITERAL_CONVERSION = YES;
				CLANG_WARN_OBJC_ROOT_CLASS = YES_ERROR;
				CLANG_WARN_QUOTED_INCLUDE_IN_FRAMEWORK_HEADER = YES;
				CLANG_WARN_RANGE_LOOP_ANALYSIS = YES;
				CLANG_WARN_STRICT_PROTOTYPES = YES;
				CLANG_WARN_SUSPICIOUS_MOVE = YES;
				CLANG_WARN_UNGUARDED_AVAILABILITY = YES_AGGRESSIVE;
				CLANG_WARN_UNREACHABLE_CODE = YES;
				CLANG_WARN__DUPLICATE_METHOD_MATCH = YES;
				COPY_PHASE_STRIP = NO;
				DEBUG_INFORMATION_FORMAT = dwarf;
				ENABLE_STRICT_OBJC_MSGSEND = YES;
				ENABLE_TESTABILITY = YES;
				ENABLE_USER_SCRIPT_SANDBOXING = YES;
				GCC_C_LANGUAGE_STANDARD = gnu11;
				GCC_DYNAMIC_NO_PIC = NO;
				GCC_NO_COMMON_BLOCKS = YES;
				GCC_OPTIMIZATION_LEVEL = 0;
				GCC_PREPROCESSOR_DEFINITIONS = (
					"DEBUG=1",
					"$(inherited)",
				);
				GCC_WARN_64_TO_32_BIT_CONVERSION = YES;
				GCC_WARN_ABOUT_RETURN_TYPE = YES_ERROR;
				GCC_WARN_UNDECLARED_SELECTOR = YES;
				GCC_WARN_UNINITIALIZED_AUTOS = YES_AGGRESSIVE;
				GCC_WARN_UNUSED_FUNCTION = YES;
				GCC_WARN_UNUSED_VARIABLE = YES;
				IPHONEOS_DEPLOYMENT_TARGET = 16.4;
				MTL_ENABLE_DEBUG_INFO = INCLUDE_SOURCE;
				MTL_FAST_MATH = YES;
				ONLY_ACTIVE_ARCH = YES;
				SDKROOT = iphoneos;
				SWIFT_ACTIVE_COMPILATION_CONDITIONS = DEBUG;
				SWIFT_OPTIMIZATION_LEVEL = "-Onone";
			};
			name = Debug;
		};
		DFA491212A3A1F77008BC5C4 /* Release */ = {
			isa = XCBuildConfiguration;
			buildSettings = {
				ALWAYS_SEARCH_USER_PATHS = NO;
				CLANG_ANALYZER_NONNULL = YES;
				CLANG_ANALYZER_NUMBER_OBJECT_CONVERSION = YES_AGGRESSIVE;
				CLANG_CXX_LANGUAGE_STANDARD = "gnu++20";
				CLANG_ENABLE_MODULES = YES;
				CLANG_ENABLE_OBJC_ARC = YES;
				CLANG_ENABLE_OBJC_WEAK = YES;
				CLANG_WARN_BLOCK_CAPTURE_AUTORELEASING = YES;
				CLANG_WARN_BOOL_CONVERSION = YES;
				CLANG_WARN_COMMA = YES;
				CLANG_WARN_CONSTANT_CONVERSION = YES;
				CLANG_WARN_DEPRECATED_OBJC_IMPLEMENTATIONS = YES;
				CLANG_WARN_DIRECT_OBJC_ISA_USAGE = YES_ERROR;
				CLANG_WARN_DOCUMENTATION_COMMENTS = YES;
				CLANG_WARN_EMPTY_BODY = YES;
				CLANG_WARN_ENUM_CONVERSION = YES;
				CLANG_WARN_INFINITE_RECURSION = YES;
				CLANG_WARN_INT_CONVERSION = YES;
				CLANG_WARN_NON_LITERAL_NULL_CONVERSION = YES;
				CLANG_WARN_OBJC_IMPLICIT_RETAIN_SELF = YES;
				CLANG_WARN_OBJC_LITERAL_CONVERSION = YES;
				CLANG_WARN_OBJC_ROOT_CLASS = YES_ERROR;
				CLANG_WARN_QUOTED_INCLUDE_IN_FRAMEWORK_HEADER = YES;
				CLANG_WARN_RANGE_LOOP_ANALYSIS = YES;
				CLANG_WARN_STRICT_PROTOTYPES = YES;
				CLANG_WARN_SUSPICIOUS_MOVE = YES;
				CLANG_WARN_UNGUARDED_AVAILABILITY = YES_AGGRESSIVE;
				CLANG_WARN_UNREACHABLE_CODE = YES;
				CLANG_WARN__DUPLICATE_METHOD_MATCH = YES;
				COPY_PHASE_STRIP = NO;
				DEBUG_INFORMATION_FORMAT = "dwarf-with-dsym";
				ENABLE_NS_ASSERTIONS = NO;
				ENABLE_STRICT_OBJC_MSGSEND = YES;
				ENABLE_USER_SCRIPT_SANDBOXING = YES;
				GCC_C_LANGUAGE_STANDARD = gnu11;
				GCC_NO_COMMON_BLOCKS = YES;
				GCC_WARN_64_TO_32_BIT_CONVERSION = YES;
				GCC_WARN_ABOUT_RETURN_TYPE = YES_ERROR;
				GCC_WARN_UNDECLARED_SELECTOR = YES;
				GCC_WARN_UNINITIALIZED_AUTOS = YES_AGGRESSIVE;
				GCC_WARN_UNUSED_FUNCTION = YES;
				GCC_WARN_UNUSED_VARIABLE = YES;
				IPHONEOS_DEPLOYMENT_TARGET = 16.4;
				MTL_ENABLE_DEBUG_INFO = NO;
				MTL_FAST_MATH = YES;
				SDKROOT = iphoneos;
				SWIFT_COMPILATION_MODE = wholemodule;
				SWIFT_OPTIMIZATION_LEVEL = "-O";
				VALIDATE_PRODUCT = YES;
			};
			name = Release;
		};
		DFA491232A3A1F77008BC5C4 /* Debug */ = {
			isa = XCBuildConfiguration;
			baseConfigurationReference = DF42BDAB2A4AEAC600AA0896 /* Secrets.xcconfig */;
			buildSettings = {
				ASSETCATALOG_COMPILER_APPICON_NAME = AppIcon;
				ASSETCATALOG_COMPILER_GLOBAL_ACCENT_COLOR_NAME = AccentColor;
				CODE_SIGN_STYLE = Automatic;
				CURRENT_PROJECT_VERSION = 1;
				DEVELOPMENT_TEAM = 299MY3M6HX;
				GENERATE_INFOPLIST_FILE = YES;
				INFOPLIST_FILE = PexelsWiki/Resources/Info.plist;
				INFOPLIST_KEY_UIApplicationSupportsIndirectInputEvents = YES;
				INFOPLIST_KEY_UILaunchStoryboardName = LaunchScreen;
				INFOPLIST_KEY_UISupportedInterfaceOrientations_iPad = "UIInterfaceOrientationPortrait UIInterfaceOrientationPortraitUpsideDown UIInterfaceOrientationLandscapeLeft UIInterfaceOrientationLandscapeRight";
				INFOPLIST_KEY_UISupportedInterfaceOrientations_iPhone = "UIInterfaceOrientationPortrait UIInterfaceOrientationLandscapeLeft UIInterfaceOrientationLandscapeRight";
				LD_RUNPATH_SEARCH_PATHS = (
					"$(inherited)",
					"@executable_path/Frameworks",
				);
				MARKETING_VERSION = 1.0;
				PRODUCT_BUNDLE_IDENTIFIER = remypark.PexelsWiki;
				PRODUCT_NAME = "$(TARGET_NAME)";
				SUPPORTED_PLATFORMS = "iphoneos iphonesimulator";
				SUPPORTS_MACCATALYST = NO;
				SUPPORTS_MAC_DESIGNED_FOR_IPHONE_IPAD = NO;
				SWIFT_EMIT_LOC_STRINGS = YES;
				SWIFT_VERSION = 5.0;
				TARGETED_DEVICE_FAMILY = 1;
			};
			name = Debug;
		};
		DFA491242A3A1F77008BC5C4 /* Release */ = {
			isa = XCBuildConfiguration;
			buildSettings = {
				ASSETCATALOG_COMPILER_APPICON_NAME = AppIcon;
				ASSETCATALOG_COMPILER_GLOBAL_ACCENT_COLOR_NAME = AccentColor;
				CODE_SIGN_STYLE = Automatic;
				CURRENT_PROJECT_VERSION = 1;
				DEVELOPMENT_TEAM = 299MY3M6HX;
				GENERATE_INFOPLIST_FILE = YES;
				INFOPLIST_FILE = PexelsWiki/Resources/Info.plist;
				INFOPLIST_KEY_UIApplicationSupportsIndirectInputEvents = YES;
				INFOPLIST_KEY_UILaunchStoryboardName = LaunchScreen;
				INFOPLIST_KEY_UISupportedInterfaceOrientations_iPad = "UIInterfaceOrientationPortrait UIInterfaceOrientationPortraitUpsideDown UIInterfaceOrientationLandscapeLeft UIInterfaceOrientationLandscapeRight";
				INFOPLIST_KEY_UISupportedInterfaceOrientations_iPhone = "UIInterfaceOrientationPortrait UIInterfaceOrientationLandscapeLeft UIInterfaceOrientationLandscapeRight";
				LD_RUNPATH_SEARCH_PATHS = (
					"$(inherited)",
					"@executable_path/Frameworks",
				);
				MARKETING_VERSION = 1.0;
				PRODUCT_BUNDLE_IDENTIFIER = remypark.PexelsWiki;
				PRODUCT_NAME = "$(TARGET_NAME)";
				SUPPORTED_PLATFORMS = "iphoneos iphonesimulator";
				SUPPORTS_MACCATALYST = NO;
				SUPPORTS_MAC_DESIGNED_FOR_IPHONE_IPAD = NO;
				SWIFT_EMIT_LOC_STRINGS = YES;
				SWIFT_VERSION = 5.0;
				TARGETED_DEVICE_FAMILY = 1;
			};
			name = Release;
		};
/* End XCBuildConfiguration section */

/* Begin XCConfigurationList section */
		DFA491092A3A1F76008BC5C4 /* Build configuration list for PBXProject "PexelsWiki" */ = {
			isa = XCConfigurationList;
			buildConfigurations = (
				DFA491202A3A1F77008BC5C4 /* Debug */,
				DFA491212A3A1F77008BC5C4 /* Release */,
			);
			defaultConfigurationIsVisible = 0;
			defaultConfigurationName = Release;
		};
		DFA491222A3A1F77008BC5C4 /* Build configuration list for PBXNativeTarget "PexelsWiki" */ = {
			isa = XCConfigurationList;
			buildConfigurations = (
				DFA491232A3A1F77008BC5C4 /* Debug */,
				DFA491242A3A1F77008BC5C4 /* Release */,
			);
			defaultConfigurationIsVisible = 0;
			defaultConfigurationName = Release;
		};
/* End XCConfigurationList section */
	};
	rootObject = DFA491062A3A1F76008BC5C4 /* Project object */;
}
